// !$*UTF8*$!
{
	archiveVersion = 1;
	classes = {
	};
	objectVersion = 48;
	objects = {

/* Begin PBXBuildFile section */
		A5380FD61FE4944200D15392 /* AppDelegate.swift in Sources */ = {isa = PBXBuildFile; fileRef = A5380FD51FE4944200D15392 /* AppDelegate.swift */; };
		A5380FD81FE4944200D15392 /* ViewController.swift in Sources */ = {isa = PBXBuildFile; fileRef = A5380FD71FE4944200D15392 /* ViewController.swift */; };
		A5380FDB1FE4944200D15392 /* Main.storyboard in Resources */ = {isa = PBXBuildFile; fileRef = A5380FD91FE4944200D15392 /* Main.storyboard */; };
		A5380FDD1FE4944200D15392 /* Assets.xcassets in Resources */ = {isa = PBXBuildFile; fileRef = A5380FDC1FE4944200D15392 /* Assets.xcassets */; };
		A5380FE01FE4944200D15392 /* LaunchScreen.storyboard in Resources */ = {isa = PBXBuildFile; fileRef = A5380FDE1FE4944200D15392 /* LaunchScreen.storyboard */; };
		A5380FE81FE4948B00D15392 /* PageMenuView.swift in Sources */ = {isa = PBXBuildFile; fileRef = A5380FE71FE4948B00D15392 /* PageMenuView.swift */; };
		A5380FEA1FE494F100D15392 /* ChildViewController.swift in Sources */ = {isa = PBXBuildFile; fileRef = A5380FE91FE494F100D15392 /* ChildViewController.swift */; };
/* End PBXBuildFile section */

/* Begin PBXFileReference section */
		A5380FD21FE4944200D15392 /* try_page_menu_2.app */ = {isa = PBXFileReference; explicitFileType = wrapper.application; includeInIndex = 0; path = try_page_menu_2.app; sourceTree = BUILT_PRODUCTS_DIR; };
		A5380FD51FE4944200D15392 /* AppDelegate.swift */ = {isa = PBXFileReference; lastKnownFileType = sourcecode.swift; path = AppDelegate.swift; sourceTree = "<group>"; };
		A5380FD71FE4944200D15392 /* ViewController.swift */ = {isa = PBXFileReference; lastKnownFileType = sourcecode.swift; path = ViewController.swift; sourceTree = "<group>"; };
		A5380FDA1FE4944200D15392 /* Base */ = {isa = PBXFileReference; lastKnownFileType = file.storyboard; name = Base; path = Base.lproj/Main.storyboard; sourceTree = "<group>"; };
		A5380FDC1FE4944200D15392 /* Assets.xcassets */ = {isa = PBXFileReference; lastKnownFileType = folder.assetcatalog; path = Assets.xcassets; sourceTree = "<group>"; };
		A5380FDF1FE4944200D15392 /* Base */ = {isa = PBXFileReference; lastKnownFileType = file.storyboard; name = Base; path = Base.lproj/LaunchScreen.storyboard; sourceTree = "<group>"; };
		A5380FE11FE4944200D15392 /* Info.plist */ = {isa = PBXFileReference; lastKnownFileType = text.plist.xml; path = Info.plist; sourceTree = "<group>"; };
		A5380FE71FE4948B00D15392 /* PageMenuView.swift */ = {isa = PBXFileReference; fileEncoding = 4; lastKnownFileType = sourcecode.swift; path = PageMenuView.swift; sourceTree = "<group>"; };
		A5380FE91FE494F100D15392 /* ChildViewController.swift */ = {isa = PBXFileReference; lastKnownFileType = sourcecode.swift; path = ChildViewController.swift; sourceTree = "<group>"; };
/* End PBXFileReference section */

/* Begin PBXFrameworksBuildPhase section */
		A5380FCF1FE4944200D15392 /* Frameworks */ = {
			isa = PBXFrameworksBuildPhase;
			buildActionMask = 2147483647;
			files = (
			);
			runOnlyForDeploymentPostprocessing = 0;
		};
/* End PBXFrameworksBuildPhase section */

/* Begin PBXGroup section */
		A5380FC91FE4944200D15392 = {
			isa = PBXGroup;
			children = (
				A5380FD41FE4944200D15392 /* try_page_menu_2 */,
				A5380FD31FE4944200D15392 /* Products */,
			);
			sourceTree = "<group>";
		};
		A5380FD31FE4944200D15392 /* Products */ = {
			isa = PBXGroup;
			children = (
				A5380FD21FE4944200D15392 /* try_page_menu_2.app */,
			);
			name = Products;
			sourceTree = "<group>";
		};
		A5380FD41FE4944200D15392 /* try_page_menu_2 */ = {
			isa = PBXGroup;
			children = (
				A5380FD51FE4944200D15392 /* AppDelegate.swift */,
				A5380FE71FE4948B00D15392 /* PageMenuView.swift */,
				A5380FD71FE4944200D15392 /* ViewController.swift */,
				A5380FE91FE494F100D15392 /* ChildViewController.swift */,
				A5380FD91FE4944200D15392 /* Main.storyboard */,
				A5380FDC1FE4944200D15392 /* Assets.xcassets */,
				A5380FDE1FE4944200D15392 /* LaunchScreen.storyboard */,
				A5380FE11FE4944200D15392 /* Info.plist */,
			);
			path = try_page_menu_2;
			sourceTree = "<group>";
		};
/* End PBXGroup section */

/* Begin PBXNativeTarget section */
		A5380FD11FE4944200D15392 /* try_page_menu_2 */ = {
			isa = PBXNativeTarget;
			buildConfigurationList = A5380FE41FE4944200D15392 /* Build configuration list for PBXNativeTarget "try_page_menu_2" */;
			buildPhases = (
				A5380FCE1FE4944200D15392 /* Sources */,
				A5380FCF1FE4944200D15392 /* Frameworks */,
				A5380FD01FE4944200D15392 /* Resources */,
			);
			buildRules = (
			);
			dependencies = (
			);
			name = try_page_menu_2;
			productName = try_page_menu_2;
			productReference = A5380FD21FE4944200D15392 /* try_page_menu_2.app */;
			productType = "com.apple.product-type.application";
		};
/* End PBXNativeTarget section */

/* Begin PBXProject section */
		A5380FCA1FE4944200D15392 /* Project object */ = {
			isa = PBXProject;
			attributes = {
				LastSwiftUpdateCheck = 0910;
				LastUpgradeCheck = 0910;
				ORGANIZATIONNAME = com.watarumaeda;
				TargetAttributes = {
					A5380FD11FE4944200D15392 = {
						CreatedOnToolsVersion = 9.1;
						ProvisioningStyle = Automatic;
					};
				};
			};
			buildConfigurationList = A5380FCD1FE4944200D15392 /* Build configuration list for PBXProject "try_page_menu_2" */;
			compatibilityVersion = "Xcode 8.0";
			developmentRegion = en;
			hasScannedForEncodings = 0;
			knownRegions = (
				en,
				Base,
			);
			mainGroup = A5380FC91FE4944200D15392;
			productRefGroup = A5380FD31FE4944200D15392 /* Products */;
			projectDirPath = "";
			projectRoot = "";
			targets = (
				A5380FD11FE4944200D15392 /* try_page_menu_2 */,
			);
		};
/* End PBXProject section */

/* Begin PBXResourcesBuildPhase section */
		A5380FD01FE4944200D15392 /* Resources */ = {
			isa = PBXResourcesBuildPhase;
			buildActionMask = 2147483647;
			files = (
				A5380FE01FE4944200D15392 /* LaunchScreen.storyboard in Resources */,
				A5380FDD1FE4944200D15392 /* Assets.xcassets in Resources */,
				A5380FDB1FE4944200D15392 /* Main.storyboard in Resources */,
			);
			runOnlyForDeploymentPostprocessing = 0;
		};
/* End PBXResourcesBuildPhase section */

/* Begin PBXSourcesBuildPhase section */
		A5380FCE1FE4944200D15392 /* Sources */ = {
			isa = PBXSourcesBuildPhase;
			buildActionMask = 2147483647;
			files = (
				A5380FD81FE4944200D15392 /* ViewController.swift in Sources */,
				A5380FEA1FE494F100D15392 /* ChildViewController.swift in Sources */,
				A5380FE81FE4948B00D15392 /* PageMenuView.swift in Sources */,
				A5380FD61FE4944200D15392 /* AppDelegate.swift in Sources */,
			);
			runOnlyForDeploymentPostprocessing = 0;
		};
/* End PBXSourcesBuildPhase section */

/* Begin PBXVariantGroup section */
		A5380FD91FE4944200D15392 /* Main.storyboard */ = {
			isa = PBXVariantGroup;
			children = (
				A5380FDA1FE4944200D15392 /* Base */,
			);
			name = Main.storyboard;
			sourceTree = "<group>";
		};
		A5380FDE1FE4944200D15392 /* LaunchScreen.storyboard */ = {
			isa = PBXVariantGroup;
			children = (
				A5380FDF1FE4944200D15392 /* Base */,
			);
			name = LaunchScreen.storyboard;
			sourceTree = "<group>";
		};
/* End PBXVariantGroup section */

/* Begin XCBuildConfiguration section */
		A5380FE21FE4944200D15392 /* Debug */ = {
			isa = XCBuildConfiguration;
			buildSettings = {
				ALWAYS_SEARCH_USER_PATHS = NO;
				CLANG_ANALYZER_NONNULL = YES;
				CLANG_ANALYZER_NUMBER_OBJECT_CONVERSION = YES_AGGRESSIVE;
				CLANG_CXX_LANGUAGE_STANDARD = "gnu++14";
				CLANG_CXX_LIBRARY = "libc++";
				CLANG_ENABLE_MODULES = YES;
				CLANG_ENABLE_OBJC_ARC = YES;
				CLANG_WARN_BLOCK_CAPTURE_AUTORELEASING = YES;
				CLANG_WARN_BOOL_CONVERSION = YES;
				CLANG_WARN_COMMA = YES;
				CLANG_WARN_CONSTANT_CONVERSION = YES;
				CLANG_WARN_DIRECT_OBJC_ISA_USAGE = YES_ERROR;
				CLANG_WARN_DOCUMENTATION_COMMENTS = YES;
				CLANG_WARN_EMPTY_BODY = YES;
				CLANG_WARN_ENUM_CONVERSION = YES;
				CLANG_WARN_INFINITE_RECURSION = YES;
				CLANG_WARN_INT_CONVERSION = YES;
				CLANG_WARN_NON_LITERAL_NULL_CONVERSION = YES;
				CLANG_WARN_OBJC_LITERAL_CONVERSION = YES;
				CLANG_WARN_OBJC_ROOT_CLASS = YES_ERROR;
				CLANG_WARN_RANGE_LOOP_ANALYSIS = YES;
				CLANG_WARN_STRICT_PROTOTYPES = YES;
				CLANG_WARN_SUSPICIOUS_MOVE = YES;
				CLANG_WARN_UNGUARDED_AVAILABILITY = YES_AGGRESSIVE;
				CLANG_WARN_UNREACHABLE_CODE = YES;
				CLANG_WARN__DUPLICATE_METHOD_MATCH = YES;
				CODE_SIGN_IDENTITY = "iPhone Developer";
				COPY_PHASE_STRIP = NO;
				DEBUG_INFORMATION_FORMAT = dwarf;
				ENABLE_STRICT_OBJC_MSGSEND = YES;
				ENABLE_TESTABILITY = YES;
				GCC_C_LANGUAGE_STANDARD = gnu11;
				GCC_DYNAMIC_NO_PIC = NO;
				GCC_NO_COMMON_BLOCKS = YES;
				GCC_OPTIMIZATION_LEVEL = 0;
				GCC_PREPROCESSOR_DEFINITIONS = (
					"DEBUG=1",
					"$(inherited)",
				);
				GCC_WARN_64_TO_32_BIT_CONVERSION = YES;
				GCC_WARN_ABOUT_RETURN_TYPE = YES_ERROR;
				GCC_WARN_UNDECLARED_SELECTOR = YES;
				GCC_WARN_UNINITIALIZED_AUTOS = YES_AGGRESSIVE;
				GCC_WARN_UNUSED_FUNCTION = YES;
				GCC_WARN_UNUSED_VARIABLE = YES;
				IPHONEOS_DEPLOYMENT_TARGET = 11.1;
				MTL_ENABLE_DEBUG_INFO = YES;
				ONLY_ACTIVE_ARCH = YES;
				SDKROOT = iphoneos;
				SWIFT_ACTIVE_COMPILATION_CONDITIONS = DEBUG;
				SWIFT_OPTIMIZATION_LEVEL = "-Onone";
			};
			name = Debug;
		};
		A5380FE31FE4944200D15392 /* Release */ = {
			isa = XCBuildConfiguration;
			buildSettings = {
				ALWAYS_SEARCH_USER_PATHS = NO;
				CLANG_ANALYZER_NONNULL = YES;
				CLANG_ANALYZER_NUMBER_OBJECT_CONVERSION = YES_AGGRESSIVE;
				CLANG_CXX_LANGUAGE_STANDARD = "gnu++14";
				CLANG_CXX_LIBRARY = "libc++";
				CLANG_ENABLE_MODULES = YES;
				CLANG_ENABLE_OBJC_ARC = YES;
				CLANG_WARN_BLOCK_CAPTURE_AUTORELEASING = YES;
				CLANG_WARN_BOOL_CONVERSION = YES;
				CLANG_WARN_COMMA = YES;
				CLANG_WARN_CONSTANT_CONVERSION = YES;
				CLANG_WARN_DIRECT_OBJC_ISA_USAGE = YES_ERROR;
				CLANG_WARN_DOCUMENTATION_COMMENTS = YES;
				CLANG_WARN_EMPTY_BODY = YES;
				CLANG_WARN_ENUM_CONVERSION = YES;
				CLANG_WARN_INFINITE_RECURSION = YES;
				CLANG_WARN_INT_CONVERSION = YES;
				CLANG_WARN_NON_LITERAL_NULL_CONVERSION = YES;
				CLANG_WARN_OBJC_LITERAL_CONVERSION = YES;
				CLANG_WARN_OBJC_ROOT_CLASS = YES_ERROR;
				CLANG_WARN_RANGE_LOOP_ANALYSIS = YES;
				CLANG_WARN_STRICT_PROTOTYPES = YES;
				CLANG_WARN_SUSPICIOUS_MOVE = YES;
				CLANG_WARN_UNGUARDED_AVAILABILITY = YES_AGGRESSIVE;
				CLANG_WARN_UNREACHABLE_CODE = YES;
				CLANG_WARN__DUPLICATE_METHOD_MATCH = YES;
				CODE_SIGN_IDENTITY = "iPhone Developer";
				COPY_PHASE_STRIP = NO;
				DEBUG_INFORMATION_FORMAT = "dwarf-with-dsym";
				ENABLE_NS_ASSERTIONS = NO;
				ENABLE_STRICT_OBJC_MSGSEND = YES;
				GCC_C_LANGUAGE_STANDARD = gnu11;
				GCC_NO_COMMON_BLOCKS = YES;
				GCC_WARN_64_TO_32_BIT_CONVERSION = YES;
				GCC_WARN_ABOUT_RETURN_TYPE = YES_ERROR;
				GCC_WARN_UNDECLARED_SELECTOR = YES;
				GCC_WARN_UNINITIALIZED_AUTOS = YES_AGGRESSIVE;
				GCC_WARN_UNUSED_FUNCTION = YES;
				GCC_WARN_UNUSED_VARIABLE = YES;
				IPHONEOS_DEPLOYMENT_TARGET = 11.1;
				MTL_ENABLE_DEBUG_INFO = NO;
				SDKROOT = iphoneos;
				SWIFT_OPTIMIZATION_LEVEL = "-Owholemodule";
				VALIDATE_PRODUCT = YES;
			};
			name = Release;
		};
		A5380FE51FE4944200D15392 /* Debug */ = {
			isa = XCBuildConfiguration;
			buildSettings = {
				ASSETCATALOG_COMPILER_APPICON_NAME = AppIcon;
				CODE_SIGN_STYLE = Automatic;
				DEVELOPMENT_TEAM = 3TNAJJ5Z2T;
				INFOPLIST_FILE = try_page_menu_2/Info.plist;
				LD_RUNPATH_SEARCH_PATHS = "$(inherited) @executable_path/Frameworks";
				PRODUCT_BUNDLE_IDENTIFIER = "Wataru-Maeda.try-page-menu-2";
				PRODUCT_NAME = "$(TARGET_NAME)";
				SWIFT_VERSION = 4.0;
				TARGETED_DEVICE_FAMILY = "1,2";
			};
			name = Debug;
		};
		A5380FE61FE4944200D15392 /* Release */ = {
			isa = XCBuildConfiguration;
			buildSettings = {
				ASSETCATALOG_COMPILER_APPICON_NAME = AppIcon;
				CODE_SIGN_STYLE = Automatic;
				DEVELOPMENT_TEAM = 3TNAJJ5Z2T;
				INFOPLIST_FILE = try_page_menu_2/Info.plist;
				LD_RUNPATH_SEARCH_PATHS = "$(inherited) @executable_path/Frameworks";
				PRODUCT_BUNDLE_IDENTIFIER = "Wataru-Maeda.try-page-menu-2";
				PRODUCT_NAME = "$(TARGET_NAME)";
				SWIFT_VERSION = 4.0;
				TARGETED_DEVICE_FAMILY = "1,2";
			};
			name = Release;
		};
/* End XCBuildConfiguration section */

/* Begin XCConfigurationList section */
		A5380FCD1FE4944200D15392 /* Build configuration list for PBXProject "try_page_menu_2" */ = {
			isa = XCConfigurationList;
			buildConfigurations = (
				A5380FE21FE4944200D15392 /* Debug */,
				A5380FE31FE4944200D15392 /* Release */,
			);
			defaultConfigurationIsVisible = 0;
			defaultConfigurationName = Release;
		};
		A5380FE41FE4944200D15392 /* Build configuration list for PBXNativeTarget "try_page_menu_2" */ = {
			isa = XCConfigurationList;
			buildConfigurations = (
				A5380FE51FE4944200D15392 /* Debug */,
				A5380FE61FE4944200D15392 /* Release */,
			);
			defaultConfigurationIsVisible = 0;
			defaultConfigurationName = Release;
		};
/* End XCConfigurationList section */
	};
	rootObject = A5380FCA1FE4944200D15392 /* Project object */;
}
